# THIS IS AN AUTOGENERATED FILE. DO NOT EDIT THIS FILE DIRECTLY.
# yarn lockfile v1


async@0.2.x:
  version "0.2.10"
  resolved "http://registry.npm.taobao.org/async/download/async-0.2.10.tgz#b6bbe0b0674b9d719708ca38de8c237cb526c3d1"

cli@0.6.x:
  version "0.6.6"
  resolved "http://registry.npm.taobao.org/cli/download/cli-0.6.6.tgz#02ad44a380abf27adac5e6f0cdd7b043d74c53e3"
  dependencies:
    exit "0.1.2"
    glob "~ 3.2.1"

cliff@0.1.x:
  version "0.1.10"
  resolved "http://registry.npm.taobao.org/cliff/download/cliff-0.1.10.tgz#53be33ea9f59bec85609ee300ac4207603e52013"
  dependencies:
    colors "~1.0.3"
    eyes "~0.1.8"
    winston "0.8.x"

colors@0.6.x:
  version "0.6.2"
  resolved "http://registry.npm.taobao.org/colors/download/colors-0.6.2.tgz#2423fe6678ac0c5dae8852e5d0e5be08c997abcc"

colors@~1.0.3:
  version "1.0.3"
  resolved "http://registry.npm.taobao.org/colors/download/colors-1.0.3.tgz#0433f44d809680fdeb60ed260f1b0c262e82a40b"

cycle@1.0.x:
  version "1.0.3"
  resolved "http://registry.npm.taobao.org/cycle/download/cycle-1.0.3.tgz#21e80b2be8580f98b468f379430662b046c34ad2"

encoding@^0.1.11:
  version "0.1.12"
  resolved "http://registry.npm.taobao.org/encoding/download/encoding-0.1.12.tgz#538b66f3ee62cd1ab51ec323829d1f9480c74beb"
  dependencies:
    iconv-lite "~0.4.13"

exit@0.1.2:
  version "0.1.2"
  resolved "http://registry.npm.taobao.org/exit/download/exit-0.1.2.tgz#0632638f8d877cc82107d30a0fff1a17cba1cd0c"

eyes@0.1.x, eyes@~0.1.8:
  version "0.1.8"
  resolved "http://registry.npm.taobao.org/eyes/download/eyes-0.1.8.tgz#62cf120234c683785d902348a800ef3e0cc20bc0"

"glob@~ 3.2.1":
  version "3.2.11"
  resolved "http://registry.npm.taobao.org/glob/download/glob-3.2.11.tgz#4a973f635b9190f715d10987d5c00fd2815ebe3d"
  dependencies:
    inherits "2"
    minimatch "0.3"

iconv-lite@~0.4.13:
  version "0.4.19"
  resolved "http://registry.npm.taobao.org/iconv-lite/download/iconv-lite-0.4.19.tgz#f7468f60135f5e5dad3399c0a81be9a1603a082b"

inherits@2:
  version "2.0.3"
  resolved "http://registry.npm.taobao.org/inherits/download/inherits-2.0.3.tgz#633c2c83e3da42a502f52466022480f4208261de"

ip-address@~4.2.0:
  version "4.2.0"
  resolved "http://registry.npm.taobao.org/ip-address/download/ip-address-4.2.0.tgz#7162c2c94998ca296a38cd82bc23168d51efc272"
  dependencies:
    cli "0.6.x"
    cliff "0.1.x"
    jsbn "0.0.0"
    lodash.find "^3.2.0"
    lodash.merge "^3.2.1"
    sprintf "0.1.x"

ip-address@~5.8.0:
  version "5.8.8"
  resolved "http://registry.npm.taobao.org/ip-address/download/ip-address-5.8.8.tgz#5fd1f8f7465249fb7d2b3c1eec7b41d29d1f1b76"
  dependencies:
    jsbn "0.1.0"
    lodash.find "^4.6.0"
    lodash.max "^4.0.1"
    lodash.merge "^4.6.0"
    lodash.padstart "^4.6.1"
    lodash.repeat "^4.1.0"
    sprintf-js "^1.0.3"
    util-deprecate "^1.0.2"

is-stream@^1.0.1:
  version "1.1.0"
  resolved "http://registry.npm.taobao.org/is-stream/download/is-stream-1.1.0.tgz#12d4a3dd4e68e0b79ceb8dbc84173ae80d91ca44"

isstream@0.1.x:
  version "0.1.2"
  resolved "http://registry.npm.taobao.org/isstream/download/isstream-0.1.2.tgz#47e63f7af55afa6f92e1500e690eb8b8529c099a"

jsbn@0.0.0:
  version "0.0.0"
  resolved "http://registry.npm.taobao.org/jsbn/download/jsbn-0.0.0.tgz#c52701bdcedbdf7084e1cfc701a7f86464ad7828"

jsbn@0.1.0:
  version "0.1.0"
  resolved "http://registry.npm.taobao.org/jsbn/download/jsbn-0.1.0.tgz#650987da0dd74f4ebf5a11377a2aa2d273e97dfd"

lodash._arraycopy@^3.0.0:
  version "3.0.0"
  resolved "http://registry.npm.taobao.org/lodash._arraycopy/download/lodash._arraycopy-3.0.0.tgz#76e7b7c1f1fb92547374878a562ed06a3e50f6e1"

lodash._arrayeach@^3.0.0:
  version "3.0.0"
  resolved "http://registry.npm.taobao.org/lodash._arrayeach/download/lodash._arrayeach-3.0.0.tgz#bab156b2a90d3f1bbd5c653403349e5e5933ef9e"

lodash._basecallback@^3.0.0:
  version "3.3.1"
  resolved "http://registry.npm.taobao.org/lodash._basecallback/download/lodash._basecallback-3.3.1.tgz#b7b2bb43dc2160424a21ccf26c57e443772a8e27"
  dependencies:
    lodash._baseisequal "^3.0.0"
    lodash._bindcallback "^3.0.0"
    lodash.isarray "^3.0.0"
    lodash.pairs "^3.0.0"

lodash._basecopy@^3.0.0:
  version "3.0.1"
  resolved "http://registry.npm.taobao.org/lodash._basecopy/download/lodash._basecopy-3.0.1.tgz#8da0e6a876cf344c0ad8a54882111dd3c5c7ca36"

lodash._baseeach@^3.0.0:
  version "3.0.4"
  resolved "http://registry.npm.taobao.org/lodash._baseeach/download/lodash._baseeach-3.0.4.tgz#cf8706572ca144e8d9d75227c990da982f932af3"
  dependencies:
    lodash.keys "^3.0.0"

lodash._basefind@^3.0.0:
  version "3.0.0"
  resolved "http://registry.npm.taobao.org/lodash._basefind/download/lodash._basefind-3.0.0.tgz#b2bba05cc645f972de2cf925fa2bf63a0f60c8ae"

lodash._basefindindex@^3.0.0:
  version "3.6.0"
  resolved "http://registry.npm.taobao.org/lodash._basefindindex/download/lodash._basefindindex-3.6.0.tgz#f083360a1b022418ed81bc899beb312e21e74a4f"

lodash._basefor@^3.0.0:
  version "3.0.3"
  resolved "http://registry.npm.taobao.org/lodash._basefor/download/lodash._basefor-3.0.3.tgz#7550b4e9218ef09fad24343b612021c79b4c20c2"

lodash._baseisequal@^3.0.0:
  version "3.0.7"
  resolved "http://registry.npm.taobao.org/lodash._baseisequal/download/lodash._baseisequal-3.0.7.tgz#d8025f76339d29342767dcc887ce5cb95a5b51f1"
  dependencies:
    lodash.isarray "^3.0.0"
    lodash.istypedarray "^3.0.0"
    lodash.keys "^3.0.0"

lodash._bindcallback@^3.0.0:
  version "3.0.1"
  resolved "http://registry.npm.taobao.org/lodash._bindcallback/download/lodash._bindcallback-3.0.1.tgz#e531c27644cf8b57a99e17ed95b35c748789392e"

lodash._createassigner@^3.0.0:
  version "3.1.1"
  resolved "http://registry.npm.taobao.org/lodash._createassigner/download/lodash._createassigner-3.1.1.tgz#838a5bae2fdaca63ac22dee8e19fa4e6d6970b11"
  dependencies:
    lodash._bindcallback "^3.0.0"
    lodash._isiterateecall "^3.0.0"
    lodash.restparam "^3.0.0"

lodash._getnative@^3.0.0:
  version "3.9.1"
  resolved "http://registry.npm.taobao.org/lodash._getnative/download/lodash._getnative-3.9.1.tgz#570bc7dede46d61cdcde687d65d3eecbaa3aaff5"

lodash._isiterateecall@^3.0.0:
  version "3.0.9"
  resolved "http://registry.npm.taobao.org/lodash._isiterateecall/download/lodash._isiterateecall-3.0.9.tgz#5203ad7ba425fae842460e696db9cf3e6aac057c"

lodash.find@^3.2.0:
  version "3.2.1"
  resolved "http://registry.npm.taobao.org/lodash.find/download/lodash.find-3.2.1.tgz#046e319f3ace912ac6c9246c7f683c5ec07b36ad"
  dependencies:
    lodash._basecallback "^3.0.0"
    lodash._baseeach "^3.0.0"
    lodash._basefind "^3.0.0"
    lodash._basefindindex "^3.0.0"
    lodash.isarray "^3.0.0"
    lodash.keys "^3.0.0"

lodash.find@^4.6.0:
  version "4.6.0"
  resolved "http://registry.npm.taobao.org/lodash.find/download/lodash.find-4.6.0.tgz#cb0704d47ab71789ffa0de8b97dd926fb88b13b1"

lodash.isarguments@^3.0.0:
  version "3.1.0"
  resolved "http://registry.npm.taobao.org/lodash.isarguments/download/lodash.isarguments-3.1.0.tgz#2f573d85c6a24289ff00663b491c1d338ff3458a"

lodash.isarray@^3.0.0:
  version "3.0.4"
  resolved "http://registry.npm.taobao.org/lodash.isarray/download/lodash.isarray-3.0.4.tgz#79e4eb88c36a8122af86f844aa9bcd851b5fbb55"

lodash.isplainobject@^3.0.0:
  version "3.2.0"
  resolved "http://registry.npm.taobao.org/lodash.isplainobject/download/lodash.isplainobject-3.2.0.tgz#9a8238ae16b200432960cd7346512d0123fbf4c5"
  dependencies:
    lodash._basefor "^3.0.0"
    lodash.isarguments "^3.0.0"
    lodash.keysin "^3.0.0"

lodash.istypedarray@^3.0.0:
  version "3.0.6"
  resolved "http://registry.npm.taobao.org/lodash.istypedarray/download/lodash.istypedarray-3.0.6.tgz#c9a477498607501d8e8494d283b87c39281cef62"

lodash.keys@^3.0.0:
  version "3.1.2"
  resolved "http://registry.npm.taobao.org/lodash.keys/download/lodash.keys-3.1.2.tgz#4dbc0472b156be50a0b286855d1bd0b0c656098a"
  dependencies:
    lodash._getnative "^3.0.0"
    lodash.isarguments "^3.0.0"
    lodash.isarray "^3.0.0"

lodash.keysin@^3.0.0:
  version "3.0.8"
  resolved "http://registry.npm.taobao.org/lodash.keysin/download/lodash.keysin-3.0.8.tgz#22c4493ebbedb1427962a54b445b2c8a767fb47f"
  dependencies:
    lodash.isarguments "^3.0.0"
    lodash.isarray "^3.0.0"

lodash.max@^4.0.1:
  version "4.0.1"
  resolved "http://registry.npm.taobao.org/lodash.max/download/lodash.max-4.0.1.tgz#8735566c618b35a9f760520b487ae79658af136a"

lodash.merge@^3.2.1:
  version "3.3.2"
  resolved "http://registry.npm.taobao.org/lodash.merge/download/lodash.merge-3.3.2.tgz#0d90d93ed637b1878437bb3e21601260d7afe994"
  dependencies:
    lodash._arraycopy "^3.0.0"
    lodash._arrayeach "^3.0.0"
    lodash._createassigner "^3.0.0"
    lodash._getnative "^3.0.0"
    lodash.isarguments "^3.0.0"
    lodash.isarray "^3.0.0"
    lodash.isplainobject "^3.0.0"
    lodash.istypedarray "^3.0.0"
    lodash.keys "^3.0.0"
    lodash.keysin "^3.0.0"
    lodash.toplainobject "^3.0.0"

lodash.merge@^4.6.0:
  version "4.6.0"
  resolved "http://registry.npm.taobao.org/lodash.merge/download/lodash.merge-4.6.0.tgz#69884ba144ac33fe699737a6086deffadd0f89c5"

lodash.padstart@^4.6.1:
  version "4.6.1"
  resolved "http://registry.npm.taobao.org/lodash.padstart/download/lodash.padstart-4.6.1.tgz#d2e3eebff0d9d39ad50f5cbd1b52a7bce6bb611b"

lodash.pairs@^3.0.0:
  version "3.0.1"
  resolved "http://registry.npm.taobao.org/lodash.pairs/download/lodash.pairs-3.0.1.tgz#bbe08d5786eeeaa09a15c91ebf0dcb7d2be326a9"
  dependencies:
    lodash.keys "^3.0.0"

lodash.repeat@^4.1.0:
  version "4.1.0"
  resolved "http://registry.npm.taobao.org/lodash.repeat/download/lodash.repeat-4.1.0.tgz#fc7de8131d8c8ac07e4b49f74ffe829d1f2bec44"

lodash.restparam@^3.0.0:
  version "3.6.1"
  resolved "http://registry.npm.taobao.org/lodash.restparam/download/lodash.restparam-3.6.1.tgz#936a4e309ef330a7645ed4145986c85ae5b20805"

lodash.toplainobject@^3.0.0:
  version "3.0.0"
  resolved "http://registry.npm.taobao.org/lodash.toplainobject/download/lodash.toplainobject-3.0.0.tgz#28790ad942d293d78aa663a07ecf7f52ca04198d"
  dependencies:
    lodash._basecopy "^3.0.0"
    lodash.keysin "^3.0.0"

lru-cache@2:
  version "2.7.3"
  resolved "http://registry.npm.taobao.org/lru-cache/download/lru-cache-2.7.3.tgz#6d4524e8b955f95d4f5b58851ce21dd72fb4e952"

minimatch@0.3:
  version "0.3.0"
  resolved "http://registry.npm.taobao.org/minimatch/download/minimatch-0.3.0.tgz#275d8edaac4f1bb3326472089e7949c8394699dd"
  dependencies:
    lru-cache "2"
    sigmund "~1.0.0"

node-fetch@^1.7.3:
  version "1.7.3"
  resolved "http://registry.npm.taobao.org/node-fetch/download/node-fetch-1.7.3.tgz#980f6f72d85211a5347c6b2bc18c5b84c3eb47ef"
  dependencies:
    encoding "^0.1.11"
    is-stream "^1.0.1"

pkginfo@0.3.x:
  version "0.3.1"
  resolved "http://registry.npm.taobao.org/pkginfo/download/pkginfo-0.3.1.tgz#5b29f6a81f70717142e09e765bbeab97b4f81e21"

sigmund@~1.0.0:
  version "1.0.1"
  resolved "http://registry.npm.taobao.org/sigmund/download/sigmund-1.0.1.tgz#3ff21f198cad2175f9f3b781853fd94d0d19b590"

socks5-client@~1.1.0:
  version "1.1.2"
  resolved "http://registry.npm.taobao.org/socks5-client/download/socks5-client-1.1.2.tgz#0878eeef0654102cf4239b13b5e68c214311c6b8"
  dependencies:
    ip-address "~4.2.0"

socks5-client@~1.2.3:
  version "1.2.5"
  resolved "http://registry.npm.taobao.org/socks5-client/download/socks5-client-1.2.5.tgz#14e0fa510557585415afc358e695db1f52dd6165"
  dependencies:
    ip-address "~5.8.0"

socks5-http-client@^1.0.2:
  version "1.0.2"
  resolved "http://registry.npm.taobao.org/socks5-http-client/download/socks5-http-client-1.0.2.tgz#d4cabbe47e5bc58de43850110bd17b55c0c1fd2a"
  dependencies:
    socks5-client "~1.1.0"

socks5-https-client@^1.2.1:
  version "1.2.1"
  resolved "http://registry.npm.taobao.org/socks5-https-client/download/socks5-https-client-1.2.1.tgz#c8d4a000e39cdc1651d90245af04a735d75d8b09"
  dependencies:
    socks5-client "~1.2.3"

sprintf-js@^1.0.3:
  version "1.1.1"
  resolved "http://registry.npm.taobao.org/sprintf-js/download/sprintf-js-1.1.1.tgz#36be78320afe5801f6cea3ee78b6e5aab940ea0c"

sprintf@0.1.x:
  version "0.1.5"
  resolved "http://registry.npm.taobao.org/sprintf/download/sprintf-0.1.5.tgz#8f83e39a9317c1a502cb7db8050e51c679f6edcf"

stack-trace@0.0.x:
  version "0.0.10"
  resolved "http://registry.npm.taobao.org/stack-trace/download/stack-trace-0.0.10.tgz#547c70b347e8d32b4e108ea1a2a159e5fdde19c0"

util-deprecate@^1.0.2:
  version "1.0.2"
  resolved "http://registry.npm.taobao.org/util-deprecate/download/util-deprecate-1.0.2.tgz#450d4dc9fa70de732762fbd2d4a28981419a0ccf"

winston@0.8.x:
  version "0.8.3"
  resolved "http://registry.npm.taobao.org/winston/download/winston-0.8.3.tgz#64b6abf4cd01adcaefd5009393b1d8e8bec19db0"
  dependencies:
    async "0.2.x"
    colors "0.6.x"
    cycle "1.0.x"
    eyes "0.1.x"
    isstream "0.1.x"
    pkginfo "0.3.x"
    stack-trace "0.0.x"
